
Microsoft Visual Studio Solution File, Format Version 12.00
# Visual Studio Version 17
VisualStudioVersion = 17.5.33516.290
MinimumVisualStudioVersion = 10.0.40219.1
Project("{FAE04EC0-301F-11D3-BF4B-00C04F79EFBC}") = "DataProtectionOnServer", "DataProtectionOnServer\DataProtectionOnServer.csproj", "{4253B3E7-0F9D-476C-BE5B-E3AFBE61DFFD}"
EndProject
Global
	GlobalSection(SolutionConfigurationPlatforms) = preSolution
		Debug|Any CPU = Debug|Any CPU
		Release|Any CPU = Release|Any CPU
	EndGlobalSection
	GlobalSection(ProjectConfigurationPlatforms) = postSolution
		{4253B3E7-0F9D-476C-BE5B-E3AFBE61DFFD}.Debug|Any CPU.ActiveCfg = Debug|Any CPU
		{4253B3E7-0F9D-476C-BE5B-E3AFBE61DFFD}.Debug|Any CPU.Build.0 = Debug|Any CPU
		{4253B3E7-0F9D-476C-BE5B-E3AFBE61DFFD}.Release|Any CPU.ActiveCfg = Release|Any CPU
		{4253B3E7-0F9D-476C-BE5B-E3AFBE61DFFD}.Release|Any CPU.Build.0 = Release|Any CPU
	EndGlobalSection
	GlobalSection(SolutionProperties) = preSolution
		HideSolutionNode = FALSE
	EndGlobalSection
	GlobalSection(ExtensibilityGlobals) = postSolution
		SolutionGuid = {A86D1879-38D7-4E4D-A4B4-08FF91B89442}
	EndGlobalSection
EndGlobal
